
Microsoft Visual Studio Solution File, Format Version 12.00
# Visual Studio Version 17
VisualStudioVersion = 17.9.34723.18
MinimumVisualStudioVersion = 10.0.40219.1
Project("{9A19103F-16F7-4668-BE54-9A1E7A4F7556}") = "BlazorServerApp", "BlazorServerApp\BlazorServerApp.csproj", "{03A8A921-479A-4C9D-A609-F75D0E5189DC}"
EndProject
Project("{9A19103F-16F7-4668-BE54-9A1E7A4F7556}") = "ManagementPackage", "ManagementPackage\ManagementPackage.csproj", "{FD4CE3B8-D970-4813-8BD4-B78A997DADE4}"
EndProject
Project("{9A19103F-16F7-4668-BE54-9A1E7A4F7556}") = "PackageSDK", "PackageSDK\PackageSDK.csproj", "{69B3E66A-F244-4D2B-98D5-BC8A2A18CA60}"
EndProject
Project("{9A19103F-16F7-4668-BE54-9A1E7A4F7556}") = "BlazorModel", "BlazorModel\BlazorModel.csproj", "{17226081-DF1A-4723-8562-0271C6860BDB}"
EndProject
Project("{9A19103F-16F7-4668-BE54-9A1E7A4F7556}") = "TestProject", "TestProject\TestProject.csproj", "{0A21AC40-26DD-461D-8DCC-57741CEDD1E5}"
EndProject
Global
	GlobalSection(SolutionConfigurationPlatforms) = preSolution
		Debug|Any CPU = Debug|Any CPU
		Release|Any CPU = Release|Any CPU
	EndGlobalSection
	GlobalSection(ProjectConfigurationPlatforms) = postSolution
		{03A8A921-479A-4C9D-A609-F75D0E5189DC}.Debug|Any CPU.ActiveCfg = Debug|Any CPU
		{03A8A921-479A-4C9D-A609-F75D0E5189DC}.Debug|Any CPU.Build.0 = Debug|Any CPU
		{03A8A921-479A-4C9D-A609-F75D0E5189DC}.Release|Any CPU.ActiveCfg = Release|Any CPU
		{03A8A921-479A-4C9D-A609-F75D0E5189DC}.Release|Any CPU.Build.0 = Release|Any CPU
		{FD4CE3B8-D970-4813-8BD4-B78A997DADE4}.Debug|Any CPU.ActiveCfg = Debug|Any CPU
		{FD4CE3B8-D970-4813-8BD4-B78A997DADE4}.Debug|Any CPU.Build.0 = Debug|Any CPU
		{FD4CE3B8-D970-4813-8BD4-B78A997DADE4}.Release|Any CPU.ActiveCfg = Release|Any CPU
		{FD4CE3B8-D970-4813-8BD4-B78A997DADE4}.Release|Any CPU.Build.0 = Release|Any CPU
		{69B3E66A-F244-4D2B-98D5-BC8A2A18CA60}.Debug|Any CPU.ActiveCfg = Debug|Any CPU
		{69B3E66A-F244-4D2B-98D5-BC8A2A18CA60}.Debug|Any CPU.Build.0 = Debug|Any CPU
		{69B3E66A-F244-4D2B-98D5-BC8A2A18CA60}.Release|Any CPU.ActiveCfg = Release|Any CPU
		{69B3E66A-F244-4D2B-98D5-BC8A2A18CA60}.Release|Any CPU.Build.0 = Release|Any CPU
		{17226081-DF1A-4723-8562-0271C6860BDB}.Debug|Any CPU.ActiveCfg = Debug|Any CPU
		{17226081-DF1A-4723-8562-0271C6860BDB}.Debug|Any CPU.Build.0 = Debug|Any CPU
		{17226081-DF1A-4723-8562-0271C6860BDB}.Release|Any CPU.ActiveCfg = Release|Any CPU
		{17226081-DF1A-4723-8562-0271C6860BDB}.Release|Any CPU.Build.0 = Release|Any CPU
		{0A21AC40-26DD-461D-8DCC-57741CEDD1E5}.Debug|Any CPU.ActiveCfg = Debug|Any CPU
		{0A21AC40-26DD-461D-8DCC-57741CEDD1E5}.Debug|Any CPU.Build.0 = Debug|Any CPU
		{0A21AC40-26DD-461D-8DCC-57741CEDD1E5}.Release|Any CPU.ActiveCfg = Release|Any CPU
		{0A21AC40-26DD-461D-8DCC-57741CEDD1E5}.Release|Any CPU.Build.0 = Release|Any CPU
	EndGlobalSection
	GlobalSection(SolutionProperties) = preSolution
		HideSolutionNode = FALSE
	EndGlobalSection
	GlobalSection(ExtensibilityGlobals) = postSolution
		SolutionGuid = {6409758D-F508-4B82-BA32-7CEB802B1920}
	EndGlobalSection
EndGlobal
